
Microsoft Visual Studio Solution File, Format Version 12.00
# Visual Studio Version 17
VisualStudioVersion = 17.10.35122.118
MinimumVisualStudioVersion = 10.0.40219.1
Project("{9A19103F-16F7-4668-BE54-9A1E7A4F7556}") = "MagicVilla_VillaAPI", "WebApplication1\MagicVilla_VillaAPI.csproj", "{6F74EDD2-101C-4EE8-BC30-E163AB4A764C}"
EndProject
Project("{9A19103F-16F7-4668-BE54-9A1E7A4F7556}") = "MagicVilla_Web", "MagicVilla_Web\MagicVilla_Web.csproj", "{889890F6-6663-42A9-935D-A5BA36333751}"
EndProject
Project("{FAE04EC0-301F-11D3-BF4B-00C04F79EFBC}") = "MagicVilla_Utility", "MagicVilla_Utility\MagicVilla_Utility.csproj", "{6EABD390-06E7-4FD1-AE6E-EBD28E7CA555}"
EndProject
Global
	GlobalSection(SolutionConfigurationPlatforms) = preSolution
		Debug|Any CPU = Debug|Any CPU
		Release|Any CPU = Release|Any CPU
	EndGlobalSection
	GlobalSection(ProjectConfigurationPlatforms) = postSolution
		{6F74EDD2-101C-4EE8-BC30-E163AB4A764C}.Debug|Any CPU.ActiveCfg = Debug|Any CPU
		{6F74EDD2-101C-4EE8-BC30-E163AB4A764C}.Debug|Any CPU.Build.0 = Debug|Any CPU
		{6F74EDD2-101C-4EE8-BC30-E163AB4A764C}.Release|Any CPU.ActiveCfg = Release|Any CPU
		{6F74EDD2-101C-4EE8-BC30-E163AB4A764C}.Release|Any CPU.Build.0 = Release|Any CPU
		{889890F6-6663-42A9-935D-A5BA36333751}.Debug|Any CPU.ActiveCfg = Debug|Any CPU
		{889890F6-6663-42A9-935D-A5BA36333751}.Debug|Any CPU.Build.0 = Debug|Any CPU
		{889890F6-6663-42A9-935D-A5BA36333751}.Release|Any CPU.ActiveCfg = Release|Any CPU
		{889890F6-6663-42A9-935D-A5BA36333751}.Release|Any CPU.Build.0 = Release|Any CPU
		{6EABD390-06E7-4FD1-AE6E-EBD28E7CA555}.Debug|Any CPU.ActiveCfg = Debug|Any CPU
		{6EABD390-06E7-4FD1-AE6E-EBD28E7CA555}.Debug|Any CPU.Build.0 = Debug|Any CPU
		{6EABD390-06E7-4FD1-AE6E-EBD28E7CA555}.Release|Any CPU.ActiveCfg = Release|Any CPU
		{6EABD390-06E7-4FD1-AE6E-EBD28E7CA555}.Release|Any CPU.Build.0 = Release|Any CPU
	EndGlobalSection
	GlobalSection(SolutionProperties) = preSolution
		HideSolutionNode = FALSE
	EndGlobalSection
	GlobalSection(ExtensibilityGlobals) = postSolution
		SolutionGuid = {1516FFBE-21BC-4B0A-A58F-58940FD31C6B}
	EndGlobalSection
EndGlobal
